dependencies:
  espressif/cmake_utilities:
    component_hash: 351350613ceafba240b761b4ea991e0f231ac7a9f59a9ee901f751bddc0bb18f
    dependencies:
    - name: idf
      require: private
      version: '>=4.1'
    source:
      registry_url: https://components.espressif.com
      type: service
    version: 0.5.3
  espressif/qma6100p:
    component_hash: 4b82c1b0159e343827019c968fe81ec3303f6e6bb05fcb347b0b4a3d11707bcf
    dependencies:
    - name: idf
      require: private
      version: '>=4.0'
    - name: espressif/cmake_utilities
      registry_url: https://components.espressif.com
      require: private
      version: 0.*
    source:
      registry_url: https://components.espressif.com/
      type: service
    version: 1.0.0
  idf:
    source:
      type: idf
    version: 5.4.4
direct_dependencies:
- espressif/qma6100p
- idf
manifest_hash: 1e5cd0064e01770343e3052191ca82815cdb84aa7be3677ba222b8753f7b63a9
target: esp32s3
version: 2.0.0
